
Microsoft Visual Studio Solution File, Format Version 12.00
# Visual Studio Version 17
VisualStudioVersion = 17.4.33205.214
MinimumVisualStudioVersion = 10.0.40219.1
Project("{FAE04EC0-301F-11D3-BF4B-00C04F79EFBC}") = "BasicASPTutorial", "BasicASPTutorial\BasicASPTutorial.csproj", "{E983EF0C-5991-4B4B-A503-EC13CDAAA285}"
EndProject
Global
	GlobalSection(SolutionConfigurationPlatforms) = preSolution
		Debug|Any CPU = Debug|Any CPU
		Release|Any CPU = Release|Any CPU
	EndGlobalSection
	GlobalSection(ProjectConfigurationPlatforms) = postSolution
		{E983EF0C-5991-4B4B-A503-EC13CDAAA285}.Debug|Any CPU.ActiveCfg = Debug|Any CPU
		{E983EF0C-5991-4B4B-A503-EC13CDAAA285}.Debug|Any CPU.Build.0 = Debug|Any CPU
		{E983EF0C-5991-4B4B-A503-EC13CDAAA285}.Release|Any CPU.ActiveCfg = Release|Any CPU
		{E983EF0C-5991-4B4B-A503-EC13CDAAA285}.Release|Any CPU.Build.0 = Release|Any CPU
	EndGlobalSection
	GlobalSection(SolutionProperties) = preSolution
		HideSolutionNode = FALSE
	EndGlobalSection
	GlobalSection(ExtensibilityGlobals) = postSolution
		SolutionGuid = {F8C64E85-9F15-4593-A0F5-634910170251}
	EndGlobalSection
EndGlobal
